using System;
namespace Number1;
class Program
{
    static void Main(string[] args)
    {
        Console.WriteLine("Введите число");
        int day = int.Parse(Console.ReadLine());
        Console.WriteLine("Введите месяц");
        int month = int.Parse(Console.ReadLine());
        Console.WriteLine("Введите год");
        int year = int.Parse(Console.ReadLine());
        if (((year % 4 == 0) && (year % 100 != 0) && (month == 2) && (day <= 29)) ||
            ((year % 4 == 0) && (year % 100 == 0) && (year % 400 == 0) && (month == 2) && (day <= 29)) ||
            ((year % 4 != 0) && (month == 2) && (day <= 28)) ||
                (((month == 1) || (month == 3) || (month == 5) || (month == 7) || (month == 8) || (month == 10) || (month == 12)) && (day <= 31)) ||
        (((month == 4) || (month == 6) || (month == 9) || (month == 11)) && (day <= 30)))
        {
            Console.WriteLine("Дата введена верно!");
        }
        else { Console.WriteLine("Дата введена неверно!"); }
        if (((year % 4 == 0) && (year % 100 != 0)) || ((year % 4 == 0) && (year % 100 == 0) && (year % 400 == 0)))
        {
            int[] mas = { 0, 31, 60, 91, 121, 152, 183, 214, 244, 274, 305, 335, 366 };
            int i = month - 1;
            int first = mas[i] + day;
            int last = 366 - first;
            Console.WriteLine($"С начала года прошло {first} день(дней)");
            Console.WriteLine($"До окончания года остался(ось) {last} день(дней)");
        }
        else
        {
            int[] arrayDays = { 0, 31, 59, 90, 120, 151, 181, 212, 243, 273, 304, 334, 365 };
            int i = month - 1;
            int first = arrayDays[i] + day;
            int last = 365 - first;
            Console.WriteLine($"С начала года прошло {first} день(дней)");
            Console.WriteLine($"До окончания года остался(ось) {last} день(дней)");
        }
    }
}
