using System;
namespace Number1;
class Program
{
    static void Main(string[] args)
    {
        Console.WriteLine("Введите последнее число диапазона:");
        int last = int.Parse(Console.ReadLine());
        Console.WriteLine("Введите кол-во попыток");
        int att = int.Parse(Console.ReadLine());
        Random Random = new Random();
        int ran = Random.Next(1, last);
        for (int i = 0; i <= att; i++)
        {
            int v = int.Parse(Console.ReadLine());
            if (i == att - 1)
            {
                Console.WriteLine("К сожеланию, у вас больше нет попыток(");
                break;
            }
            if (v == ran)
            {
                Console.WriteLine("Вы угадали!");
                break;
            }
            else if ((v < 1) || (v > last))
            {
                Console.WriteLine("Вы ввели число вне диапазона!");
            }
            else if (v < ran)
            {
                Console.WriteLine("Загаданное число больше");
            }
            else if (v > ran)
            {
                Console.WriteLine("Загаданное число меньше");
            }
        }

    }
}

