using System;
namespace Number1;
class Program
{
    static void Main(string[] args)
    {
        Console.WriteLine("Введите длину массива:");
        int arr = int.Parse(Console.ReadLine());
        int[] mas = new int[arr];
        for (int i = 0; i < arr; i++)
        {
            mas[i] = int.Parse(Console.ReadLine());
        }
        var ran = new Random();
        for (int i = arr - 1; i > 0; i--)
        {
            int k = ran.Next(i);
            var y = mas[i];
            mas[i] = mas[k];
            mas[k] = y;
        }
        Console.WriteLine(string.Join(",", mas));

    }
}
