using System;
namespace Number1;
class Program
{
    static void Main(string[] args)
    {
        int n = int.Parse(Console.ReadLine());
        int[] nn = new int [n];
        for (int i = 0; i < nn.Length; i++)
        {
            nn[i] = int.Parse(Console.ReadLine());
        }
        double sr = nn[0] + nn[nn.Length-1];
        int sum = 0;
        for (int i = 1; i < nn.Length-1;i+=2)
        {
            if (sum < sr)
            {
                sum += nn[i];
            }
            else
            {
                break;
            }
        }
        Console.WriteLine(sum);

    }
}
